
Microsoft Visual Studio Solution File, Format Version 12.00
# Visual Studio Version 16
VisualStudioVersion = 16.0.32901.82
MinimumVisualStudioVersion = 10.0.40219.1
Project("{FAE04EC0-301F-11D3-BF4B-00C04F79EFBC}") = "ConstructorAssignment385", "ConstructorAssignment385\ConstructorAssignment385.csproj", "{6CF81C84-AAC0-4AC2-B51C-A6143E234A34}"
EndProject
Global
	GlobalSection(SolutionConfigurationPlatforms) = preSolution
		Debug|Any CPU = Debug|Any CPU
		Release|Any CPU = Release|Any CPU
	EndGlobalSection
	GlobalSection(ProjectConfigurationPlatforms) = postSolution
		{6CF81C84-AAC0-4AC2-B51C-A6143E234A34}.Debug|Any CPU.ActiveCfg = Debug|Any CPU
		{6CF81C84-AAC0-4AC2-B51C-A6143E234A34}.Debug|Any CPU.Build.0 = Debug|Any CPU
		{6CF81C84-AAC0-4AC2-B51C-A6143E234A34}.Release|Any CPU.ActiveCfg = Release|Any CPU
		{6CF81C84-AAC0-4AC2-B51C-A6143E234A34}.Release|Any CPU.Build.0 = Release|Any CPU
	EndGlobalSection
	GlobalSection(SolutionProperties) = preSolution
		HideSolutionNode = FALSE
	EndGlobalSection
	GlobalSection(ExtensibilityGlobals) = postSolution
		SolutionGuid = {F8B475DC-8043-4A1F-AC29-56961B60827F}
	EndGlobalSection
EndGlobal
