
Microsoft Visual Studio Solution File, Format Version 12.00
# Visual Studio Version 16
VisualStudioVersion = 16.0.32929.386
MinimumVisualStudioVersion = 10.0.40219.1
Project("{FAE04EC0-301F-11D3-BF4B-00C04F79EFBC}") = "ToInstallEntity", "ToInstallEntity\ToInstallEntity.csproj", "{6C5C01DE-8AF5-4576-B18C-2483596827EB}"
EndProject
Global
	GlobalSection(SolutionConfigurationPlatforms) = preSolution
		Debug|Any CPU = Debug|Any CPU
		Release|Any CPU = Release|Any CPU
	EndGlobalSection
	GlobalSection(ProjectConfigurationPlatforms) = postSolution
		{6C5C01DE-8AF5-4576-B18C-2483596827EB}.Debug|Any CPU.ActiveCfg = Debug|Any CPU
		{6C5C01DE-8AF5-4576-B18C-2483596827EB}.Debug|Any CPU.Build.0 = Debug|Any CPU
		{6C5C01DE-8AF5-4576-B18C-2483596827EB}.Release|Any CPU.ActiveCfg = Release|Any CPU
		{6C5C01DE-8AF5-4576-B18C-2483596827EB}.Release|Any CPU.Build.0 = Release|Any CPU
	EndGlobalSection
	GlobalSection(SolutionProperties) = preSolution
		HideSolutionNode = FALSE
	EndGlobalSection
	GlobalSection(ExtensibilityGlobals) = postSolution
		SolutionGuid = {82197E34-FE57-445B-B5A5-488070286E38}
	EndGlobalSection
EndGlobal
