
Microsoft Visual Studio Solution File, Format Version 12.00
# Visual Studio Version 16
VisualStudioVersion = 16.0.32901.82
MinimumVisualStudioVersion = 10.0.40219.1
Project("{FAE04EC0-301F-11D3-BF4B-00C04F79EFBC}") = "TernaryProject", "TernaryProject\TernaryProject.csproj", "{C4EB96AB-F734-4A84-92C2-8C5B8D7C95A3}"
EndProject
Global
	GlobalSection(SolutionConfigurationPlatforms) = preSolution
		Debug|Any CPU = Debug|Any CPU
		Release|Any CPU = Release|Any CPU
	EndGlobalSection
	GlobalSection(ProjectConfigurationPlatforms) = postSolution
		{C4EB96AB-F734-4A84-92C2-8C5B8D7C95A3}.Debug|Any CPU.ActiveCfg = Debug|Any CPU
		{C4EB96AB-F734-4A84-92C2-8C5B8D7C95A3}.Debug|Any CPU.Build.0 = Debug|Any CPU
		{C4EB96AB-F734-4A84-92C2-8C5B8D7C95A3}.Release|Any CPU.ActiveCfg = Release|Any CPU
		{C4EB96AB-F734-4A84-92C2-8C5B8D7C95A3}.Release|Any CPU.Build.0 = Release|Any CPU
	EndGlobalSection
	GlobalSection(SolutionProperties) = preSolution
		HideSolutionNode = FALSE
	EndGlobalSection
	GlobalSection(ExtensibilityGlobals) = postSolution
		SolutionGuid = {55B889F7-EDD7-4453-AFCF-BA2BD2475C3F}
	EndGlobalSection
EndGlobal
