
Microsoft Visual Studio Solution File, Format Version 12.00
# Visual Studio Version 16
VisualStudioVersion = 16.0.32901.82
MinimumVisualStudioVersion = 10.0.40219.1
Project("{FAE04EC0-301F-11D3-BF4B-00C04F79EFBC}") = "CallingMethodsAssignment275", "CallingMethodsAssignment275\CallingMethodsAssignment275.csproj", "{93272CF5-1671-4AA4-BC52-6984752481B6}"
EndProject
Global
	GlobalSection(SolutionConfigurationPlatforms) = preSolution
		Debug|Any CPU = Debug|Any CPU
		Release|Any CPU = Release|Any CPU
	EndGlobalSection
	GlobalSection(ProjectConfigurationPlatforms) = postSolution
		{93272CF5-1671-4AA4-BC52-6984752481B6}.Debug|Any CPU.ActiveCfg = Debug|Any CPU
		{93272CF5-1671-4AA4-BC52-6984752481B6}.Debug|Any CPU.Build.0 = Debug|Any CPU
		{93272CF5-1671-4AA4-BC52-6984752481B6}.Release|Any CPU.ActiveCfg = Release|Any CPU
		{93272CF5-1671-4AA4-BC52-6984752481B6}.Release|Any CPU.Build.0 = Release|Any CPU
	EndGlobalSection
	GlobalSection(SolutionProperties) = preSolution
		HideSolutionNode = FALSE
	EndGlobalSection
	GlobalSection(ExtensibilityGlobals) = postSolution
		SolutionGuid = {297DB366-0C38-4E04-ACFD-F75A66C1ED85}
	EndGlobalSection
EndGlobal
