
Microsoft Visual Studio Solution File, Format Version 12.00
# Visual Studio Version 16
VisualStudioVersion = 16.0.32901.82
MinimumVisualStudioVersion = 10.0.40219.1
Project("{FAE04EC0-301F-11D3-BF4B-00C04F79EFBC}") = "CarInsurance", "CarInsurance\CarInsurance.csproj", "{4AC7878B-E165-49E7-9435-3F222BD9C00B}"
EndProject
Global
	GlobalSection(SolutionConfigurationPlatforms) = preSolution
		Debug|Any CPU = Debug|Any CPU
		Release|Any CPU = Release|Any CPU
	EndGlobalSection
	GlobalSection(ProjectConfigurationPlatforms) = postSolution
		{4AC7878B-E165-49E7-9435-3F222BD9C00B}.Debug|Any CPU.ActiveCfg = Debug|Any CPU
		{4AC7878B-E165-49E7-9435-3F222BD9C00B}.Debug|Any CPU.Build.0 = Debug|Any CPU
		{4AC7878B-E165-49E7-9435-3F222BD9C00B}.Release|Any CPU.ActiveCfg = Release|Any CPU
		{4AC7878B-E165-49E7-9435-3F222BD9C00B}.Release|Any CPU.Build.0 = Release|Any CPU
	EndGlobalSection
	GlobalSection(SolutionProperties) = preSolution
		HideSolutionNode = FALSE
	EndGlobalSection
	GlobalSection(ExtensibilityGlobals) = postSolution
		SolutionGuid = {5519F833-1C0F-4E3F-B243-69F27C5B9D8F}
	EndGlobalSection
EndGlobal
