
Microsoft Visual Studio Solution File, Format Version 12.00
# Visual Studio Version 16
VisualStudioVersion = 16.0.32929.386
MinimumVisualStudioVersion = 10.0.40219.1
Project("{FAE04EC0-301F-11D3-BF4B-00C04F79EFBC}") = "WebApplication535", "WebApplication535\WebApplication535.csproj", "{24AFAE3C-CE3B-42C9-8685-76C28231351F}"
EndProject
Global
	GlobalSection(SolutionConfigurationPlatforms) = preSolution
		Debug|Any CPU = Debug|Any CPU
		Release|Any CPU = Release|Any CPU
	EndGlobalSection
	GlobalSection(ProjectConfigurationPlatforms) = postSolution
		{24AFAE3C-CE3B-42C9-8685-76C28231351F}.Debug|Any CPU.ActiveCfg = Debug|Any CPU
		{24AFAE3C-CE3B-42C9-8685-76C28231351F}.Debug|Any CPU.Build.0 = Debug|Any CPU
		{24AFAE3C-CE3B-42C9-8685-76C28231351F}.Release|Any CPU.ActiveCfg = Release|Any CPU
		{24AFAE3C-CE3B-42C9-8685-76C28231351F}.Release|Any CPU.Build.0 = Release|Any CPU
	EndGlobalSection
	GlobalSection(SolutionProperties) = preSolution
		HideSolutionNode = FALSE
	EndGlobalSection
	GlobalSection(ExtensibilityGlobals) = postSolution
		SolutionGuid = {54617764-327B-4E5E-AB77-A51B55F6AD9A}
	EndGlobalSection
EndGlobal
