
Microsoft Visual Studio Solution File, Format Version 12.00
# Visual Studio Version 16
VisualStudioVersion = 16.0.32901.82
MinimumVisualStudioVersion = 10.0.40219.1
Project("{FAE04EC0-301F-11D3-BF4B-00C04F79EFBC}") = "StringsAndIntegersSubmissionAssignment263", "StringsAndIntegersSubmissionAssignment263\StringsAndIntegersSubmissionAssignment263.csproj", "{D54AD376-DD22-48DD-ACBA-96D31607FCA1}"
EndProject
Global
	GlobalSection(SolutionConfigurationPlatforms) = preSolution
		Debug|Any CPU = Debug|Any CPU
		Release|Any CPU = Release|Any CPU
	EndGlobalSection
	GlobalSection(ProjectConfigurationPlatforms) = postSolution
		{D54AD376-DD22-48DD-ACBA-96D31607FCA1}.Debug|Any CPU.ActiveCfg = Debug|Any CPU
		{D54AD376-DD22-48DD-ACBA-96D31607FCA1}.Debug|Any CPU.Build.0 = Debug|Any CPU
		{D54AD376-DD22-48DD-ACBA-96D31607FCA1}.Release|Any CPU.ActiveCfg = Release|Any CPU
		{D54AD376-DD22-48DD-ACBA-96D31607FCA1}.Release|Any CPU.Build.0 = Release|Any CPU
	EndGlobalSection
	GlobalSection(SolutionProperties) = preSolution
		HideSolutionNode = FALSE
	EndGlobalSection
	GlobalSection(ExtensibilityGlobals) = postSolution
		SolutionGuid = {4C09BF4B-408D-4ACC-9770-70ED8C0B8046}
	EndGlobalSection
EndGlobal
