
Microsoft Visual Studio Solution File, Format Version 12.00
# Visual Studio Version 16
VisualStudioVersion = 16.0.32901.82
MinimumVisualStudioVersion = 10.0.40219.1
Project("{FAE04EC0-301F-11D3-BF4B-00C04F79EFBC}") = "MethodsObjectsAssignment292", "MethodsObjectsAssignment292\MethodsObjectsAssignment292.csproj", "{8F0A8C3E-1C7D-4995-A321-AC8BF18F5860}"
EndProject
Global
	GlobalSection(SolutionConfigurationPlatforms) = preSolution
		Debug|Any CPU = Debug|Any CPU
		Release|Any CPU = Release|Any CPU
	EndGlobalSection
	GlobalSection(ProjectConfigurationPlatforms) = postSolution
		{8F0A8C3E-1C7D-4995-A321-AC8BF18F5860}.Debug|Any CPU.ActiveCfg = Debug|Any CPU
		{8F0A8C3E-1C7D-4995-A321-AC8BF18F5860}.Debug|Any CPU.Build.0 = Debug|Any CPU
		{8F0A8C3E-1C7D-4995-A321-AC8BF18F5860}.Release|Any CPU.ActiveCfg = Release|Any CPU
		{8F0A8C3E-1C7D-4995-A321-AC8BF18F5860}.Release|Any CPU.Build.0 = Release|Any CPU
	EndGlobalSection
	GlobalSection(SolutionProperties) = preSolution
		HideSolutionNode = FALSE
	EndGlobalSection
	GlobalSection(ExtensibilityGlobals) = postSolution
		SolutionGuid = {E96A0CF1-77B5-47B3-81FB-C6482D6EE0BF}
	EndGlobalSection
EndGlobal
