
Microsoft Visual Studio Solution File, Format Version 12.00
# Visual Studio Version 16
VisualStudioVersion = 16.0.32901.82
MinimumVisualStudioVersion = 10.0.40219.1
Project("{FAE04EC0-301F-11D3-BF4B-00C04F79EFBC}") = "LambdaAssignment338", "LambdaAssignment338\LambdaAssignment338.csproj", "{FF71D67B-E925-469E-A68D-644811901A4D}"
EndProject
Global
	GlobalSection(SolutionConfigurationPlatforms) = preSolution
		Debug|Any CPU = Debug|Any CPU
		Release|Any CPU = Release|Any CPU
	EndGlobalSection
	GlobalSection(ProjectConfigurationPlatforms) = postSolution
		{FF71D67B-E925-469E-A68D-644811901A4D}.Debug|Any CPU.ActiveCfg = Debug|Any CPU
		{FF71D67B-E925-469E-A68D-644811901A4D}.Debug|Any CPU.Build.0 = Debug|Any CPU
		{FF71D67B-E925-469E-A68D-644811901A4D}.Release|Any CPU.ActiveCfg = Release|Any CPU
		{FF71D67B-E925-469E-A68D-644811901A4D}.Release|Any CPU.Build.0 = Release|Any CPU
	EndGlobalSection
	GlobalSection(SolutionProperties) = preSolution
		HideSolutionNode = FALSE
	EndGlobalSection
	GlobalSection(ExtensibilityGlobals) = postSolution
		SolutionGuid = {7968CB60-7905-472A-8DC1-BA5095A40E9F}
	EndGlobalSection
EndGlobal
