
Microsoft Visual Studio Solution File, Format Version 12.00
# Visual Studio Version 16
VisualStudioVersion = 16.0.32901.82
MinimumVisualStudioVersion = 10.0.40219.1
Project("{FAE04EC0-301F-11D3-BF4B-00C04F79EFBC}") = "ConsoleApplicationAssignment185", "ConsoleApplicationAssignment185\ConsoleApplicationAssignment185.csproj", "{BDA469B1-F573-4537-8189-23160DDB7E19}"
EndProject
Global
	GlobalSection(SolutionConfigurationPlatforms) = preSolution
		Debug|Any CPU = Debug|Any CPU
		Release|Any CPU = Release|Any CPU
	EndGlobalSection
	GlobalSection(ProjectConfigurationPlatforms) = postSolution
		{BDA469B1-F573-4537-8189-23160DDB7E19}.Debug|Any CPU.ActiveCfg = Debug|Any CPU
		{BDA469B1-F573-4537-8189-23160DDB7E19}.Debug|Any CPU.Build.0 = Debug|Any CPU
		{BDA469B1-F573-4537-8189-23160DDB7E19}.Release|Any CPU.ActiveCfg = Release|Any CPU
		{BDA469B1-F573-4537-8189-23160DDB7E19}.Release|Any CPU.Build.0 = Release|Any CPU
	EndGlobalSection
	GlobalSection(SolutionProperties) = preSolution
		HideSolutionNode = FALSE
	EndGlobalSection
	GlobalSection(ExtensibilityGlobals) = postSolution
		SolutionGuid = {DB70A0C1-1BE6-4B2A-8B26-5254EF724329}
	EndGlobalSection
EndGlobal
