
Microsoft Visual Studio Solution File, Format Version 12.00
# Visual Studio Version 16
VisualStudioVersion = 16.0.32901.82
MinimumVisualStudioVersion = 10.0.40219.1
Project("{FAE04EC0-301F-11D3-BF4B-00C04F79EFBC}") = "InputAssignment366", "InputAssignment366\InputAssignment366.csproj", "{99001C0B-5D40-4B21-BE3C-7E250C3A8CD8}"
EndProject
Global
	GlobalSection(SolutionConfigurationPlatforms) = preSolution
		Debug|Any CPU = Debug|Any CPU
		Release|Any CPU = Release|Any CPU
	EndGlobalSection
	GlobalSection(ProjectConfigurationPlatforms) = postSolution
		{99001C0B-5D40-4B21-BE3C-7E250C3A8CD8}.Debug|Any CPU.ActiveCfg = Debug|Any CPU
		{99001C0B-5D40-4B21-BE3C-7E250C3A8CD8}.Debug|Any CPU.Build.0 = Debug|Any CPU
		{99001C0B-5D40-4B21-BE3C-7E250C3A8CD8}.Release|Any CPU.ActiveCfg = Release|Any CPU
		{99001C0B-5D40-4B21-BE3C-7E250C3A8CD8}.Release|Any CPU.Build.0 = Release|Any CPU
	EndGlobalSection
	GlobalSection(SolutionProperties) = preSolution
		HideSolutionNode = FALSE
	EndGlobalSection
	GlobalSection(ExtensibilityGlobals) = postSolution
		SolutionGuid = {8E0D68F8-B909-4EC2-B681-E93847BFCEAC}
	EndGlobalSection
EndGlobal
